github.com/godruoyi/go-snowflake v0.0.2-alpha h1:ddz2txqjmq30B4b02H+g/MILCLW5V5Buz2+JW65mGjw=
github.com/godruoyi/go-snowflake v0.0.2-alpha/go.mod h1:6JXMZzmleLpSK9pYpg4LXTcAz54mdYXTeXUvVks17+4=
github.com/gorilla/mux v1.8.0 h1:i40aqfkR1h2SlN9hojwV5ZA91wcXFOvkdNIeFDP5koI=
github.com/gorilla/mux v1.8.0/go.mod h1:DVbg23sWSpFRCP0SfiEN6jmj59UnW/n46BH5rLB71So=
